
Microsoft Visual Studio Solution File, Format Version 12.00
# Visual Studio Version 17
VisualStudioVersion = 17.5.002.0
MinimumVisualStudioVersion = 10.0.40219.1
Project("{2150E333-8FDC-42A3-9474-1A3956D46DE8}") = "2019", "2019", "{C64CF872-9104-49B2-85A6-FB9465E2450B}"
EndProject
Project("{9A19103F-16F7-4668-BE54-9A1E7A4F7556}") = "D02", "2019\D02\D02.csproj", "{B78BB650-A6E8-417D-883E-70DD62B27F08}"
EndProject
Project("{9A19103F-16F7-4668-BE54-9A1E7A4F7556}") = "D03", "2019\D03\D03.csproj", "{7B339198-CBB0-49C7-A241-8DEF68D9FFAD}"
EndProject
Project("{9A19103F-16F7-4668-BE54-9A1E7A4F7556}") = "D04", "2019\D04\D04.csproj", "{67846EC4-EDA9-4899-ABA7-697FEC252D89}"
EndProject
Project("{2150E333-8FDC-42A3-9474-1A3956D46DE8}") = "2020", "2020", "{7A4E759D-F8B8-4BA6-84E8-7EB958523BC5}"
EndProject
Project("{9A19103F-16F7-4668-BE54-9A1E7A4F7556}") = "Day01", "2020\Day01\Day01.csproj", "{A81CB77C-9E02-4E42-919E-BF76AE14DD9E}"
EndProject
Project("{9A19103F-16F7-4668-BE54-9A1E7A4F7556}") = "Day02", "2020\Day02\Day02.csproj", "{71F2C5E9-EAFF-4438-889B-1B6D454EC78E}"
EndProject
Project("{9A19103F-16F7-4668-BE54-9A1E7A4F7556}") = "Day03", "2020\Day03\Day03.csproj", "{D5E9FCC6-24C3-463A-BEAE-F2ABE341B46D}"
EndProject
Project("{9A19103F-16F7-4668-BE54-9A1E7A4F7556}") = "Day04", "2020\Day04\Day04.csproj", "{FF2B3973-1885-405A-9AD5-D7A24304E955}"
EndProject
Project("{9A19103F-16F7-4668-BE54-9A1E7A4F7556}") = "Day05", "2020\Day05\Day05.csproj", "{3EF0E9A5-EA8E-4150-9D95-A6033E7053CB}"
EndProject
Project("{9A19103F-16F7-4668-BE54-9A1E7A4F7556}") = "Day06", "2020\Day06\Day06.csproj", "{93A1FCE8-8549-4714-AC6E-ABAB44D43B52}"
EndProject
Project("{9A19103F-16F7-4668-BE54-9A1E7A4F7556}") = "Day07", "2020\Day07\Day07.csproj", "{74F5B315-601B-4567-9031-5FBC37921192}"
EndProject
Project("{9A19103F-16F7-4668-BE54-9A1E7A4F7556}") = "Day08", "2020\Day08\Day08.csproj", "{26120AEC-9470-4614-9037-24BFE54851CE}"
EndProject
Project("{9A19103F-16F7-4668-BE54-9A1E7A4F7556}") = "Day09", "2020\Day09\Day09.csproj", "{78DB2CBA-1D4D-48C4-A456-809DEBA2283B}"
EndProject
Project("{9A19103F-16F7-4668-BE54-9A1E7A4F7556}") = "Day10", "2020\Day10\Day10.csproj", "{301BB7D1-6A8A-4BE7-B6E1-74C28FFD5F66}"
EndProject
Project("{9A19103F-16F7-4668-BE54-9A1E7A4F7556}") = "Day11", "2020\Day11\Day11.csproj", "{3FA66EC4-773E-42E7-A32B-94462D6B571C}"
EndProject
Project("{9A19103F-16F7-4668-BE54-9A1E7A4F7556}") = "Day12", "2020\Day12\Day12.csproj", "{069BB127-204E-4949-AEA6-34FCE345EB0C}"
EndProject
Project("{9A19103F-16F7-4668-BE54-9A1E7A4F7556}") = "Day13", "2020\Day13\Day13.csproj", "{6389BC12-4D4B-42B2-862A-3E68820A8781}"
EndProject
Project("{9A19103F-16F7-4668-BE54-9A1E7A4F7556}") = "Day14", "2020\Day14\Day14.csproj", "{2E02721B-0B1F-4C10-9C13-80715A754809}"
EndProject
Project("{9A19103F-16F7-4668-BE54-9A1E7A4F7556}") = "Day15", "2020\Day15\Day15.csproj", "{C8333D6C-C678-4C15-9FDB-DFB4DA98EB7B}"
EndProject
Project("{9A19103F-16F7-4668-BE54-9A1E7A4F7556}") = "Day16", "2020\Day16\Day16.csproj", "{B1445BF4-D292-47E7-A932-37573D6EEED6}"
EndProject
Project("{9A19103F-16F7-4668-BE54-9A1E7A4F7556}") = "Day17", "2020\Day17\Day17.csproj", "{EE6EE5E1-739C-4FF1-B3BC-F545D1E387FD}"
EndProject
Project("{9A19103F-16F7-4668-BE54-9A1E7A4F7556}") = "Day18", "2020\Day18\Day18.csproj", "{FA2BFAA6-3CFB-4384-B6C5-ABDB4A1A679A}"
EndProject
Project("{9A19103F-16F7-4668-BE54-9A1E7A4F7556}") = "Day19", "2020\Day19\Day19.csproj", "{700ED77C-E578-4B9E-8747-FED267774052}"
EndProject
Project("{9A19103F-16F7-4668-BE54-9A1E7A4F7556}") = "Day20", "2020\Day20\Day20.csproj", "{6F3C8851-36C7-4A7B-8E74-8C3E40332E59}"
EndProject
Project("{9A19103F-16F7-4668-BE54-9A1E7A4F7556}") = "Day21", "2020\Day21\Day21.csproj", "{F5F4EF43-F39B-4945-851C-5A737D51B039}"
EndProject
Project("{9A19103F-16F7-4668-BE54-9A1E7A4F7556}") = "Day22", "2020\Day22\Day22.csproj", "{22B256B2-8CFD-45D0-AE88-43A289A21917}"
EndProject
Project("{9A19103F-16F7-4668-BE54-9A1E7A4F7556}") = "Day23", "2020\Day23\Day23.csproj", "{169F2631-D01F-4DE1-9ED2-20F745DC0719}"
EndProject
Project("{9A19103F-16F7-4668-BE54-9A1E7A4F7556}") = "Day24", "2020\Day24\Day24.csproj", "{2AFBFA82-B46C-471E-A743-F9E599C226FC}"
EndProject
Project("{9A19103F-16F7-4668-BE54-9A1E7A4F7556}") = "Day25", "2020\Day25\Day25.csproj", "{9345D30E-FBEB-469F-972C-DB9DF161AB11}"
EndProject
Project("{2150E333-8FDC-42A3-9474-1A3956D46DE8}") = "2021", "2021", "{8F4570BF-561B-4435-9FC1-4EEA41A96E64}"
EndProject
Project("{9A19103F-16F7-4668-BE54-9A1E7A4F7556}") = "day-01", "2021\day-01\day-01.csproj", "{1AD547E7-8692-4397-977B-E9F33AD051CF}"
EndProject
Project("{9A19103F-16F7-4668-BE54-9A1E7A4F7556}") = "day-02", "2021\day-02\day-02.csproj", "{B9ADF77B-919F-4F62-ACCF-62465AFA8F04}"
EndProject
Project("{9A19103F-16F7-4668-BE54-9A1E7A4F7556}") = "day-03", "2021\day-03\day-03.csproj", "{16E480C5-EF6C-4877-A0DF-2605A78A1A94}"
EndProject
Project("{9A19103F-16F7-4668-BE54-9A1E7A4F7556}") = "day-04", "2021\day-04\day-04.csproj", "{B0FB7956-5F2C-4FD0-A450-292F7A0BCCF2}"
EndProject
Project("{9A19103F-16F7-4668-BE54-9A1E7A4F7556}") = "day-05", "2021\day-05\day-05.csproj", "{8FEA9722-422B-4701-AA4E-0E0031C4D07E}"
EndProject
Project("{9A19103F-16F7-4668-BE54-9A1E7A4F7556}") = "day-06", "2021\day-06\day-06.csproj", "{6A2CD056-F5F2-4552-8A62-3CA810BCCF96}"
EndProject
Project("{9A19103F-16F7-4668-BE54-9A1E7A4F7556}") = "day-08", "2021\day-08\day-08.csproj", "{DDA39C53-B1A4-4F7E-B397-EE2849CEC35F}"
EndProject
Project("{9A19103F-16F7-4668-BE54-9A1E7A4F7556}") = "day-09", "2021\day-09\day-09.csproj", "{AD48DB07-375D-4083-8FFD-2D55322428FF}"
EndProject
Project("{9A19103F-16F7-4668-BE54-9A1E7A4F7556}") = "day-10", "2021\day-10\day-10.csproj", "{21A6A1CC-BECC-4F3D-AAB2-7B279E216219}"
EndProject
Project("{9A19103F-16F7-4668-BE54-9A1E7A4F7556}") = "day-11", "2021\day-11\day-11.csproj", "{A83F320F-F660-4FE9-8AF9-B1646B6CBC96}"
EndProject
Project("{9A19103F-16F7-4668-BE54-9A1E7A4F7556}") = "day-12", "2021\day-12\day-12.csproj", "{EE6DB432-3DAF-4A20-AD33-D0DE25B81734}"
EndProject
Project("{9A19103F-16F7-4668-BE54-9A1E7A4F7556}") = "day-13", "2021\day-13\day-13.csproj", "{E6711C7F-5337-412A-AA13-9CF5B0881D34}"
EndProject
Project("{9A19103F-16F7-4668-BE54-9A1E7A4F7556}") = "day-14", "2021\day-14\day-14.csproj", "{E9E82564-83EC-46AE-B3CD-D0AF6DED764A}"
EndProject
Project("{9A19103F-16F7-4668-BE54-9A1E7A4F7556}") = "day-15", "2021\day-15\day-15.csproj", "{8E1B3D79-1B6C-4F13-A63A-BC95E95E0F54}"
EndProject
Project("{9A19103F-16F7-4668-BE54-9A1E7A4F7556}") = "day-16", "2021\day-16\day-16.csproj", "{A0801696-42F7-4412-86A8-EFA879E7DDAF}"
EndProject
Project("{9A19103F-16F7-4668-BE54-9A1E7A4F7556}") = "day-17", "2021\day-17\day-17.csproj", "{CEBF087A-F34B-45A6-9AE6-B6009A9C8B6B}"
EndProject
Project("{9A19103F-16F7-4668-BE54-9A1E7A4F7556}") = "day-18", "2021\day-18\day-18.csproj", "{3EE926A1-9DE6-481C-9CE1-94046C5625D0}"
EndProject
Project("{9A19103F-16F7-4668-BE54-9A1E7A4F7556}") = "day-21", "2021\day-21\day-21.csproj", "{E3A69D7A-EBAC-4901-8024-B142E5D9FE1F}"
EndProject
Project("{9A19103F-16F7-4668-BE54-9A1E7A4F7556}") = "day-22", "2021\day-22\day-22.csproj", "{BD0FEB85-C456-4BD0-9811-D262CB05EF0B}"
EndProject
Project("{9A19103F-16F7-4668-BE54-9A1E7A4F7556}") = "day-24", "2021\day-24\day-24.csproj", "{1B08BDB6-EA65-4C4A-B0D9-C23E16809384}"
EndProject
Project("{9A19103F-16F7-4668-BE54-9A1E7A4F7556}") = "day-25", "2021\day-25\day-25.csproj", "{CF68A152-A7EF-49C9-9A65-3709F2E09F72}"
EndProject
Project("{2150E333-8FDC-42A3-9474-1A3956D46DE8}") = "2022", "2022", "{6D571F9F-01C5-40EE-9CC1-47E3684E58DB}"
EndProject
Project("{9A19103F-16F7-4668-BE54-9A1E7A4F7556}") = "14", "2022\14\14.csproj", "{26F35F83-1D6D-4ACF-AE8D-66450DDCEABF}"
EndProject
Global
	GlobalSection(SolutionConfigurationPlatforms) = preSolution
		Debug|Any CPU = Debug|Any CPU
		Release|Any CPU = Release|Any CPU
	EndGlobalSection
	GlobalSection(ProjectConfigurationPlatforms) = postSolution
		{B78BB650-A6E8-417D-883E-70DD62B27F08}.Debug|Any CPU.ActiveCfg = Debug|Any CPU
		{B78BB650-A6E8-417D-883E-70DD62B27F08}.Debug|Any CPU.Build.0 = Debug|Any CPU
		{B78BB650-A6E8-417D-883E-70DD62B27F08}.Release|Any CPU.ActiveCfg = Release|Any CPU
		{B78BB650-A6E8-417D-883E-70DD62B27F08}.Release|Any CPU.Build.0 = Release|Any CPU
		{7B339198-CBB0-49C7-A241-8DEF68D9FFAD}.Debug|Any CPU.ActiveCfg = Debug|Any CPU
		{7B339198-CBB0-49C7-A241-8DEF68D9FFAD}.Debug|Any CPU.Build.0 = Debug|Any CPU
		{7B339198-CBB0-49C7-A241-8DEF68D9FFAD}.Release|Any CPU.ActiveCfg = Release|Any CPU
		{7B339198-CBB0-49C7-A241-8DEF68D9FFAD}.Release|Any CPU.Build.0 = Release|Any CPU
		{67846EC4-EDA9-4899-ABA7-697FEC252D89}.Debug|Any CPU.ActiveCfg = Debug|Any CPU
		{67846EC4-EDA9-4899-ABA7-697FEC252D89}.Debug|Any CPU.Build.0 = Debug|Any CPU
		{67846EC4-EDA9-4899-ABA7-697FEC252D89}.Release|Any CPU.ActiveCfg = Release|Any CPU
		{67846EC4-EDA9-4899-ABA7-697FEC252D89}.Release|Any CPU.Build.0 = Release|Any CPU
		{A81CB77C-9E02-4E42-919E-BF76AE14DD9E}.Debug|Any CPU.ActiveCfg = Debug|Any CPU
		{A81CB77C-9E02-4E42-919E-BF76AE14DD9E}.Debug|Any CPU.Build.0 = Debug|Any CPU
		{A81CB77C-9E02-4E42-919E-BF76AE14DD9E}.Release|Any CPU.ActiveCfg = Release|Any CPU
		{A81CB77C-9E02-4E42-919E-BF76AE14DD9E}.Release|Any CPU.Build.0 = Release|Any CPU
		{71F2C5E9-EAFF-4438-889B-1B6D454EC78E}.Debug|Any CPU.ActiveCfg = Debug|Any CPU
		{71F2C5E9-EAFF-4438-889B-1B6D454EC78E}.Debug|Any CPU.Build.0 = Debug|Any CPU
		{71F2C5E9-EAFF-4438-889B-1B6D454EC78E}.Release|Any CPU.ActiveCfg = Release|Any CPU
		{71F2C5E9-EAFF-4438-889B-1B6D454EC78E}.Release|Any CPU.Build.0 = Release|Any CPU
		{D5E9FCC6-24C3-463A-BEAE-F2ABE341B46D}.Debug|Any CPU.ActiveCfg = Debug|Any CPU
		{D5E9FCC6-24C3-463A-BEAE-F2ABE341B46D}.Debug|Any CPU.Build.0 = Debug|Any CPU
		{D5E9FCC6-24C3-463A-BEAE-F2ABE341B46D}.Release|Any CPU.ActiveCfg = Release|Any CPU
		{D5E9FCC6-24C3-463A-BEAE-F2ABE341B46D}.Release|Any CPU.Build.0 = Release|Any CPU
		{FF2B3973-1885-405A-9AD5-D7A24304E955}.Debug|Any CPU.ActiveCfg = Debug|Any CPU
		{FF2B3973-1885-405A-9AD5-D7A24304E955}.Debug|Any CPU.Build.0 = Debug|Any CPU
		{FF2B3973-1885-405A-9AD5-D7A24304E955}.Release|Any CPU.ActiveCfg = Release|Any CPU
		{FF2B3973-1885-405A-9AD5-D7A24304E955}.Release|Any CPU.Build.0 = Release|Any CPU
		{3EF0E9A5-EA8E-4150-9D95-A6033E7053CB}.Debug|Any CPU.ActiveCfg = Debug|Any CPU
		{3EF0E9A5-EA8E-4150-9D95-A6033E7053CB}.Debug|Any CPU.Build.0 = Debug|Any CPU
		{3EF0E9A5-EA8E-4150-9D95-A6033E7053CB}.Release|Any CPU.ActiveCfg = Release|Any CPU
		{3EF0E9A5-EA8E-4150-9D95-A6033E7053CB}.Release|Any CPU.Build.0 = Release|Any CPU
		{93A1FCE8-8549-4714-AC6E-ABAB44D43B52}.Debug|Any CPU.ActiveCfg = Debug|Any CPU
		{93A1FCE8-8549-4714-AC6E-ABAB44D43B52}.Debug|Any CPU.Build.0 = Debug|Any CPU
		{93A1FCE8-8549-4714-AC6E-ABAB44D43B52}.Release|Any CPU.ActiveCfg = Release|Any CPU
		{93A1FCE8-8549-4714-AC6E-ABAB44D43B52}.Release|Any CPU.Build.0 = Release|Any CPU
		{74F5B315-601B-4567-9031-5FBC37921192}.Debug|Any CPU.ActiveCfg = Debug|Any CPU
		{74F5B315-601B-4567-9031-5FBC37921192}.Debug|Any CPU.Build.0 = Debug|Any CPU
		{74F5B315-601B-4567-9031-5FBC37921192}.Release|Any CPU.ActiveCfg = Release|Any CPU
		{74F5B315-601B-4567-9031-5FBC37921192}.Release|Any CPU.Build.0 = Release|Any CPU
		{26120AEC-9470-4614-9037-24BFE54851CE}.Debug|Any CPU.ActiveCfg = Debug|Any CPU
		{26120AEC-9470-4614-9037-24BFE54851CE}.Debug|Any CPU.Build.0 = Debug|Any CPU
		{26120AEC-9470-4614-9037-24BFE54851CE}.Release|Any CPU.ActiveCfg = Release|Any CPU
		{26120AEC-9470-4614-9037-24BFE54851CE}.Release|Any CPU.Build.0 = Release|Any CPU
		{78DB2CBA-1D4D-48C4-A456-809DEBA2283B}.Debug|Any CPU.ActiveCfg = Debug|Any CPU
		{78DB2CBA-1D4D-48C4-A456-809DEBA2283B}.Debug|Any CPU.Build.0 = Debug|Any CPU
		{78DB2CBA-1D4D-48C4-A456-809DEBA2283B}.Release|Any CPU.ActiveCfg = Release|Any CPU
		{78DB2CBA-1D4D-48C4-A456-809DEBA2283B}.Release|Any CPU.Build.0 = Release|Any CPU
		{301BB7D1-6A8A-4BE7-B6E1-74C28FFD5F66}.Debug|Any CPU.ActiveCfg = Debug|Any CPU
		{301BB7D1-6A8A-4BE7-B6E1-74C28FFD5F66}.Debug|Any CPU.Build.0 = Debug|Any CPU
		{301BB7D1-6A8A-4BE7-B6E1-74C28FFD5F66}.Release|Any CPU.ActiveCfg = Release|Any CPU
		{301BB7D1-6A8A-4BE7-B6E1-74C28FFD5F66}.Release|Any CPU.Build.0 = Release|Any CPU
		{3FA66EC4-773E-42E7-A32B-94462D6B571C}.Debug|Any CPU.ActiveCfg = Debug|Any CPU
		{3FA66EC4-773E-42E7-A32B-94462D6B571C}.Debug|Any CPU.Build.0 = Debug|Any CPU
		{3FA66EC4-773E-42E7-A32B-94462D6B571C}.Release|Any CPU.ActiveCfg = Release|Any CPU
		{3FA66EC4-773E-42E7-A32B-94462D6B571C}.Release|Any CPU.Build.0 = Release|Any CPU
		{069BB127-204E-4949-AEA6-34FCE345EB0C}.Debug|Any CPU.ActiveCfg = Debug|Any CPU
		{069BB127-204E-4949-AEA6-34FCE345EB0C}.Debug|Any CPU.Build.0 = Debug|Any CPU
		{069BB127-204E-4949-AEA6-34FCE345EB0C}.Release|Any CPU.ActiveCfg = Release|Any CPU
		{069BB127-204E-4949-AEA6-34FCE345EB0C}.Release|Any CPU.Build.0 = Release|Any CPU
		{6389BC12-4D4B-42B2-862A-3E68820A8781}.Debug|Any CPU.ActiveCfg = Debug|Any CPU
		{6389BC12-4D4B-42B2-862A-3E68820A8781}.Debug|Any CPU.Build.0 = Debug|Any CPU
		{6389BC12-4D4B-42B2-862A-3E68820A8781}.Release|Any CPU.ActiveCfg = Release|Any CPU
		{6389BC12-4D4B-42B2-862A-3E68820A8781}.Release|Any CPU.Build.0 = Release|Any CPU
		{2E02721B-0B1F-4C10-9C13-80715A754809}.Debug|Any CPU.ActiveCfg = Debug|Any CPU
		{2E02721B-0B1F-4C10-9C13-80715A754809}.Debug|Any CPU.Build.0 = Debug|Any CPU
		{2E02721B-0B1F-4C10-9C13-80715A754809}.Release|Any CPU.ActiveCfg = Release|Any CPU
		{2E02721B-0B1F-4C10-9C13-80715A754809}.Release|Any CPU.Build.0 = Release|Any CPU
		{C8333D6C-C678-4C15-9FDB-DFB4DA98EB7B}.Debug|Any CPU.ActiveCfg = Debug|Any CPU
		{C8333D6C-C678-4C15-9FDB-DFB4DA98EB7B}.Debug|Any CPU.Build.0 = Debug|Any CPU
		{C8333D6C-C678-4C15-9FDB-DFB4DA98EB7B}.Release|Any CPU.ActiveCfg = Release|Any CPU
		{C8333D6C-C678-4C15-9FDB-DFB4DA98EB7B}.Release|Any CPU.Build.0 = Release|Any CPU
		{B1445BF4-D292-47E7-A932-37573D6EEED6}.Debug|Any CPU.ActiveCfg = Debug|Any CPU
		{B1445BF4-D292-47E7-A932-37573D6EEED6}.Debug|Any CPU.Build.0 = Debug|Any CPU
		{B1445BF4-D292-47E7-A932-37573D6EEED6}.Release|Any CPU.ActiveCfg = Release|Any CPU
		{B1445BF4-D292-47E7-A932-37573D6EEED6}.Release|Any CPU.Build.0 = Release|Any CPU
		{EE6EE5E1-739C-4FF1-B3BC-F545D1E387FD}.Debug|Any CPU.ActiveCfg = Debug|Any CPU
		{EE6EE5E1-739C-4FF1-B3BC-F545D1E387FD}.Debug|Any CPU.Build.0 = Debug|Any CPU
		{EE6EE5E1-739C-4FF1-B3BC-F545D1E387FD}.Release|Any CPU.ActiveCfg = Release|Any CPU
		{EE6EE5E1-739C-4FF1-B3BC-F545D1E387FD}.Release|Any CPU.Build.0 = Release|Any CPU
		{FA2BFAA6-3CFB-4384-B6C5-ABDB4A1A679A}.Debug|Any CPU.ActiveCfg = Debug|Any CPU
		{FA2BFAA6-3CFB-4384-B6C5-ABDB4A1A679A}.Debug|Any CPU.Build.0 = Debug|Any CPU
		{FA2BFAA6-3CFB-4384-B6C5-ABDB4A1A679A}.Release|Any CPU.ActiveCfg = Release|Any CPU
		{FA2BFAA6-3CFB-4384-B6C5-ABDB4A1A679A}.Release|Any CPU.Build.0 = Release|Any CPU
		{700ED77C-E578-4B9E-8747-FED267774052}.Debug|Any CPU.ActiveCfg = Debug|Any CPU
		{700ED77C-E578-4B9E-8747-FED267774052}.Debug|Any CPU.Build.0 = Debug|Any CPU
		{700ED77C-E578-4B9E-8747-FED267774052}.Release|Any CPU.ActiveCfg = Release|Any CPU
		{700ED77C-E578-4B9E-8747-FED267774052}.Release|Any CPU.Build.0 = Release|Any CPU
		{6F3C8851-36C7-4A7B-8E74-8C3E40332E59}.Debug|Any CPU.ActiveCfg = Debug|Any CPU
		{6F3C8851-36C7-4A7B-8E74-8C3E40332E59}.Debug|Any CPU.Build.0 = Debug|Any CPU
		{6F3C8851-36C7-4A7B-8E74-8C3E40332E59}.Release|Any CPU.ActiveCfg = Release|Any CPU
		{6F3C8851-36C7-4A7B-8E74-8C3E40332E59}.Release|Any CPU.Build.0 = Release|Any CPU
		{F5F4EF43-F39B-4945-851C-5A737D51B039}.Debug|Any CPU.ActiveCfg = Debug|Any CPU
		{F5F4EF43-F39B-4945-851C-5A737D51B039}.Debug|Any CPU.Build.0 = Debug|Any CPU
		{F5F4EF43-F39B-4945-851C-5A737D51B039}.Release|Any CPU.ActiveCfg = Release|Any CPU
		{F5F4EF43-F39B-4945-851C-5A737D51B039}.Release|Any CPU.Build.0 = Release|Any CPU
		{22B256B2-8CFD-45D0-AE88-43A289A21917}.Debug|Any CPU.ActiveCfg = Debug|Any CPU
		{22B256B2-8CFD-45D0-AE88-43A289A21917}.Debug|Any CPU.Build.0 = Debug|Any CPU
		{22B256B2-8CFD-45D0-AE88-43A289A21917}.Release|Any CPU.ActiveCfg = Release|Any CPU
		{22B256B2-8CFD-45D0-AE88-43A289A21917}.Release|Any CPU.Build.0 = Release|Any CPU
		{169F2631-D01F-4DE1-9ED2-20F745DC0719}.Debug|Any CPU.ActiveCfg = Debug|Any CPU
		{169F2631-D01F-4DE1-9ED2-20F745DC0719}.Debug|Any CPU.Build.0 = Debug|Any CPU
		{169F2631-D01F-4DE1-9ED2-20F745DC0719}.Release|Any CPU.ActiveCfg = Release|Any CPU
		{169F2631-D01F-4DE1-9ED2-20F745DC0719}.Release|Any CPU.Build.0 = Release|Any CPU
		{2AFBFA82-B46C-471E-A743-F9E599C226FC}.Debug|Any CPU.ActiveCfg = Debug|Any CPU
		{2AFBFA82-B46C-471E-A743-F9E599C226FC}.Debug|Any CPU.Build.0 = Debug|Any CPU
		{2AFBFA82-B46C-471E-A743-F9E599C226FC}.Release|Any CPU.ActiveCfg = Release|Any CPU
		{2AFBFA82-B46C-471E-A743-F9E599C226FC}.Release|Any CPU.Build.0 = Release|Any CPU
		{9345D30E-FBEB-469F-972C-DB9DF161AB11}.Debug|Any CPU.ActiveCfg = Debug|Any CPU
		{9345D30E-FBEB-469F-972C-DB9DF161AB11}.Debug|Any CPU.Build.0 = Debug|Any CPU
		{9345D30E-FBEB-469F-972C-DB9DF161AB11}.Release|Any CPU.ActiveCfg = Release|Any CPU
		{9345D30E-FBEB-469F-972C-DB9DF161AB11}.Release|Any CPU.Build.0 = Release|Any CPU
		{1AD547E7-8692-4397-977B-E9F33AD051CF}.Debug|Any CPU.ActiveCfg = Debug|Any CPU
		{1AD547E7-8692-4397-977B-E9F33AD051CF}.Debug|Any CPU.Build.0 = Debug|Any CPU
		{1AD547E7-8692-4397-977B-E9F33AD051CF}.Release|Any CPU.ActiveCfg = Release|Any CPU
		{1AD547E7-8692-4397-977B-E9F33AD051CF}.Release|Any CPU.Build.0 = Release|Any CPU
		{B9ADF77B-919F-4F62-ACCF-62465AFA8F04}.Debug|Any CPU.ActiveCfg = Debug|Any CPU
		{B9ADF77B-919F-4F62-ACCF-62465AFA8F04}.Debug|Any CPU.Build.0 = Debug|Any CPU
		{B9ADF77B-919F-4F62-ACCF-62465AFA8F04}.Release|Any CPU.ActiveCfg = Release|Any CPU
		{B9ADF77B-919F-4F62-ACCF-62465AFA8F04}.Release|Any CPU.Build.0 = Release|Any CPU
		{16E480C5-EF6C-4877-A0DF-2605A78A1A94}.Debug|Any CPU.ActiveCfg = Debug|Any CPU
		{16E480C5-EF6C-4877-A0DF-2605A78A1A94}.Debug|Any CPU.Build.0 = Debug|Any CPU
		{16E480C5-EF6C-4877-A0DF-2605A78A1A94}.Release|Any CPU.ActiveCfg = Release|Any CPU
		{16E480C5-EF6C-4877-A0DF-2605A78A1A94}.Release|Any CPU.Build.0 = Release|Any CPU
		{B0FB7956-5F2C-4FD0-A450-292F7A0BCCF2}.Debug|Any CPU.ActiveCfg = Debug|Any CPU
		{B0FB7956-5F2C-4FD0-A450-292F7A0BCCF2}.Debug|Any CPU.Build.0 = Debug|Any CPU
		{B0FB7956-5F2C-4FD0-A450-292F7A0BCCF2}.Release|Any CPU.ActiveCfg = Release|Any CPU
		{B0FB7956-5F2C-4FD0-A450-292F7A0BCCF2}.Release|Any CPU.Build.0 = Release|Any CPU
		{8FEA9722-422B-4701-AA4E-0E0031C4D07E}.Debug|Any CPU.ActiveCfg = Debug|Any CPU
		{8FEA9722-422B-4701-AA4E-0E0031C4D07E}.Debug|Any CPU.Build.0 = Debug|Any CPU
		{8FEA9722-422B-4701-AA4E-0E0031C4D07E}.Release|Any CPU.ActiveCfg = Release|Any CPU
		{8FEA9722-422B-4701-AA4E-0E0031C4D07E}.Release|Any CPU.Build.0 = Release|Any CPU
		{6A2CD056-F5F2-4552-8A62-3CA810BCCF96}.Debug|Any CPU.ActiveCfg = Debug|Any CPU
		{6A2CD056-F5F2-4552-8A62-3CA810BCCF96}.Debug|Any CPU.Build.0 = Debug|Any CPU
		{6A2CD056-F5F2-4552-8A62-3CA810BCCF96}.Release|Any CPU.ActiveCfg = Release|Any CPU
		{6A2CD056-F5F2-4552-8A62-3CA810BCCF96}.Release|Any CPU.Build.0 = Release|Any CPU
		{DDA39C53-B1A4-4F7E-B397-EE2849CEC35F}.Debug|Any CPU.ActiveCfg = Debug|Any CPU
		{DDA39C53-B1A4-4F7E-B397-EE2849CEC35F}.Debug|Any CPU.Build.0 = Debug|Any CPU
		{DDA39C53-B1A4-4F7E-B397-EE2849CEC35F}.Release|Any CPU.ActiveCfg = Release|Any CPU
		{DDA39C53-B1A4-4F7E-B397-EE2849CEC35F}.Release|Any CPU.Build.0 = Release|Any CPU
		{AD48DB07-375D-4083-8FFD-2D55322428FF}.Debug|Any CPU.ActiveCfg = Debug|Any CPU
		{AD48DB07-375D-4083-8FFD-2D55322428FF}.Debug|Any CPU.Build.0 = Debug|Any CPU
		{AD48DB07-375D-4083-8FFD-2D55322428FF}.Release|Any CPU.ActiveCfg = Release|Any CPU
		{AD48DB07-375D-4083-8FFD-2D55322428FF}.Release|Any CPU.Build.0 = Release|Any CPU
		{21A6A1CC-BECC-4F3D-AAB2-7B279E216219}.Debug|Any CPU.ActiveCfg = Debug|Any CPU
		{21A6A1CC-BECC-4F3D-AAB2-7B279E216219}.Debug|Any CPU.Build.0 = Debug|Any CPU
		{21A6A1CC-BECC-4F3D-AAB2-7B279E216219}.Release|Any CPU.ActiveCfg = Release|Any CPU
		{21A6A1CC-BECC-4F3D-AAB2-7B279E216219}.Release|Any CPU.Build.0 = Release|Any CPU
		{A83F320F-F660-4FE9-8AF9-B1646B6CBC96}.Debug|Any CPU.ActiveCfg = Debug|Any CPU
		{A83F320F-F660-4FE9-8AF9-B1646B6CBC96}.Debug|Any CPU.Build.0 = Debug|Any CPU
		{A83F320F-F660-4FE9-8AF9-B1646B6CBC96}.Release|Any CPU.ActiveCfg = Release|Any CPU
		{A83F320F-F660-4FE9-8AF9-B1646B6CBC96}.Release|Any CPU.Build.0 = Release|Any CPU
		{EE6DB432-3DAF-4A20-AD33-D0DE25B81734}.Debug|Any CPU.ActiveCfg = Debug|Any CPU
		{EE6DB432-3DAF-4A20-AD33-D0DE25B81734}.Debug|Any CPU.Build.0 = Debug|Any CPU
		{EE6DB432-3DAF-4A20-AD33-D0DE25B81734}.Release|Any CPU.ActiveCfg = Release|Any CPU
		{EE6DB432-3DAF-4A20-AD33-D0DE25B81734}.Release|Any CPU.Build.0 = Release|Any CPU
		{E6711C7F-5337-412A-AA13-9CF5B0881D34}.Debug|Any CPU.ActiveCfg = Debug|Any CPU
		{E6711C7F-5337-412A-AA13-9CF5B0881D34}.Debug|Any CPU.Build.0 = Debug|Any CPU
		{E6711C7F-5337-412A-AA13-9CF5B0881D34}.Release|Any CPU.ActiveCfg = Release|Any CPU
		{E6711C7F-5337-412A-AA13-9CF5B0881D34}.Release|Any CPU.Build.0 = Release|Any CPU
		{E9E82564-83EC-46AE-B3CD-D0AF6DED764A}.Debug|Any CPU.ActiveCfg = Debug|Any CPU
		{E9E82564-83EC-46AE-B3CD-D0AF6DED764A}.Debug|Any CPU.Build.0 = Debug|Any CPU
		{E9E82564-83EC-46AE-B3CD-D0AF6DED764A}.Release|Any CPU.ActiveCfg = Release|Any CPU
		{E9E82564-83EC-46AE-B3CD-D0AF6DED764A}.Release|Any CPU.Build.0 = Release|Any CPU
		{8E1B3D79-1B6C-4F13-A63A-BC95E95E0F54}.Debug|Any CPU.ActiveCfg = Debug|Any CPU
		{8E1B3D79-1B6C-4F13-A63A-BC95E95E0F54}.Debug|Any CPU.Build.0 = Debug|Any CPU
		{8E1B3D79-1B6C-4F13-A63A-BC95E95E0F54}.Release|Any CPU.ActiveCfg = Release|Any CPU
		{8E1B3D79-1B6C-4F13-A63A-BC95E95E0F54}.Release|Any CPU.Build.0 = Release|Any CPU
		{A0801696-42F7-4412-86A8-EFA879E7DDAF}.Debug|Any CPU.ActiveCfg = Debug|Any CPU
		{A0801696-42F7-4412-86A8-EFA879E7DDAF}.Debug|Any CPU.Build.0 = Debug|Any CPU
		{A0801696-42F7-4412-86A8-EFA879E7DDAF}.Release|Any CPU.ActiveCfg = Release|Any CPU
		{A0801696-42F7-4412-86A8-EFA879E7DDAF}.Release|Any CPU.Build.0 = Release|Any CPU
		{CEBF087A-F34B-45A6-9AE6-B6009A9C8B6B}.Debug|Any CPU.ActiveCfg = Debug|Any CPU
		{CEBF087A-F34B-45A6-9AE6-B6009A9C8B6B}.Debug|Any CPU.Build.0 = Debug|Any CPU
		{CEBF087A-F34B-45A6-9AE6-B6009A9C8B6B}.Release|Any CPU.ActiveCfg = Release|Any CPU
		{CEBF087A-F34B-45A6-9AE6-B6009A9C8B6B}.Release|Any CPU.Build.0 = Release|Any CPU
		{3EE926A1-9DE6-481C-9CE1-94046C5625D0}.Debug|Any CPU.ActiveCfg = Debug|Any CPU
		{3EE926A1-9DE6-481C-9CE1-94046C5625D0}.Debug|Any CPU.Build.0 = Debug|Any CPU
		{3EE926A1-9DE6-481C-9CE1-94046C5625D0}.Release|Any CPU.ActiveCfg = Release|Any CPU
		{3EE926A1-9DE6-481C-9CE1-94046C5625D0}.Release|Any CPU.Build.0 = Release|Any CPU
		{E3A69D7A-EBAC-4901-8024-B142E5D9FE1F}.Debug|Any CPU.ActiveCfg = Debug|Any CPU
		{E3A69D7A-EBAC-4901-8024-B142E5D9FE1F}.Debug|Any CPU.Build.0 = Debug|Any CPU
		{E3A69D7A-EBAC-4901-8024-B142E5D9FE1F}.Release|Any CPU.ActiveCfg = Release|Any CPU
		{E3A69D7A-EBAC-4901-8024-B142E5D9FE1F}.Release|Any CPU.Build.0 = Release|Any CPU
		{BD0FEB85-C456-4BD0-9811-D262CB05EF0B}.Debug|Any CPU.ActiveCfg = Debug|Any CPU
		{BD0FEB85-C456-4BD0-9811-D262CB05EF0B}.Debug|Any CPU.Build.0 = Debug|Any CPU
		{BD0FEB85-C456-4BD0-9811-D262CB05EF0B}.Release|Any CPU.ActiveCfg = Release|Any CPU
		{BD0FEB85-C456-4BD0-9811-D262CB05EF0B}.Release|Any CPU.Build.0 = Release|Any CPU
		{1B08BDB6-EA65-4C4A-B0D9-C23E16809384}.Debug|Any CPU.ActiveCfg = Debug|Any CPU
		{1B08BDB6-EA65-4C4A-B0D9-C23E16809384}.Debug|Any CPU.Build.0 = Debug|Any CPU
		{1B08BDB6-EA65-4C4A-B0D9-C23E16809384}.Release|Any CPU.ActiveCfg = Release|Any CPU
		{1B08BDB6-EA65-4C4A-B0D9-C23E16809384}.Release|Any CPU.Build.0 = Release|Any CPU
		{CF68A152-A7EF-49C9-9A65-3709F2E09F72}.Debug|Any CPU.ActiveCfg = Debug|Any CPU
		{CF68A152-A7EF-49C9-9A65-3709F2E09F72}.Debug|Any CPU.Build.0 = Debug|Any CPU
		{CF68A152-A7EF-49C9-9A65-3709F2E09F72}.Release|Any CPU.ActiveCfg = Release|Any CPU
		{CF68A152-A7EF-49C9-9A65-3709F2E09F72}.Release|Any CPU.Build.0 = Release|Any CPU
		{26F35F83-1D6D-4ACF-AE8D-66450DDCEABF}.Debug|Any CPU.ActiveCfg = Debug|Any CPU
		{26F35F83-1D6D-4ACF-AE8D-66450DDCEABF}.Debug|Any CPU.Build.0 = Debug|Any CPU
		{26F35F83-1D6D-4ACF-AE8D-66450DDCEABF}.Release|Any CPU.ActiveCfg = Release|Any CPU
		{26F35F83-1D6D-4ACF-AE8D-66450DDCEABF}.Release|Any CPU.Build.0 = Release|Any CPU
	EndGlobalSection
	GlobalSection(SolutionProperties) = preSolution
		HideSolutionNode = FALSE
	EndGlobalSection
	GlobalSection(NestedProjects) = preSolution
		{B78BB650-A6E8-417D-883E-70DD62B27F08} = {C64CF872-9104-49B2-85A6-FB9465E2450B}
		{7B339198-CBB0-49C7-A241-8DEF68D9FFAD} = {C64CF872-9104-49B2-85A6-FB9465E2450B}
		{67846EC4-EDA9-4899-ABA7-697FEC252D89} = {C64CF872-9104-49B2-85A6-FB9465E2450B}
		{A81CB77C-9E02-4E42-919E-BF76AE14DD9E} = {7A4E759D-F8B8-4BA6-84E8-7EB958523BC5}
		{71F2C5E9-EAFF-4438-889B-1B6D454EC78E} = {7A4E759D-F8B8-4BA6-84E8-7EB958523BC5}
		{D5E9FCC6-24C3-463A-BEAE-F2ABE341B46D} = {7A4E759D-F8B8-4BA6-84E8-7EB958523BC5}
		{FF2B3973-1885-405A-9AD5-D7A24304E955} = {7A4E759D-F8B8-4BA6-84E8-7EB958523BC5}
		{3EF0E9A5-EA8E-4150-9D95-A6033E7053CB} = {7A4E759D-F8B8-4BA6-84E8-7EB958523BC5}
		{93A1FCE8-8549-4714-AC6E-ABAB44D43B52} = {7A4E759D-F8B8-4BA6-84E8-7EB958523BC5}
		{74F5B315-601B-4567-9031-5FBC37921192} = {7A4E759D-F8B8-4BA6-84E8-7EB958523BC5}
		{26120AEC-9470-4614-9037-24BFE54851CE} = {7A4E759D-F8B8-4BA6-84E8-7EB958523BC5}
		{78DB2CBA-1D4D-48C4-A456-809DEBA2283B} = {7A4E759D-F8B8-4BA6-84E8-7EB958523BC5}
		{301BB7D1-6A8A-4BE7-B6E1-74C28FFD5F66} = {7A4E759D-F8B8-4BA6-84E8-7EB958523BC5}
		{3FA66EC4-773E-42E7-A32B-94462D6B571C} = {7A4E759D-F8B8-4BA6-84E8-7EB958523BC5}
		{069BB127-204E-4949-AEA6-34FCE345EB0C} = {7A4E759D-F8B8-4BA6-84E8-7EB958523BC5}
		{6389BC12-4D4B-42B2-862A-3E68820A8781} = {7A4E759D-F8B8-4BA6-84E8-7EB958523BC5}
		{2E02721B-0B1F-4C10-9C13-80715A754809} = {7A4E759D-F8B8-4BA6-84E8-7EB958523BC5}
		{C8333D6C-C678-4C15-9FDB-DFB4DA98EB7B} = {7A4E759D-F8B8-4BA6-84E8-7EB958523BC5}
		{B1445BF4-D292-47E7-A932-37573D6EEED6} = {7A4E759D-F8B8-4BA6-84E8-7EB958523BC5}
		{EE6EE5E1-739C-4FF1-B3BC-F545D1E387FD} = {7A4E759D-F8B8-4BA6-84E8-7EB958523BC5}
		{FA2BFAA6-3CFB-4384-B6C5-ABDB4A1A679A} = {7A4E759D-F8B8-4BA6-84E8-7EB958523BC5}
		{700ED77C-E578-4B9E-8747-FED267774052} = {7A4E759D-F8B8-4BA6-84E8-7EB958523BC5}
		{6F3C8851-36C7-4A7B-8E74-8C3E40332E59} = {7A4E759D-F8B8-4BA6-84E8-7EB958523BC5}
		{F5F4EF43-F39B-4945-851C-5A737D51B039} = {7A4E759D-F8B8-4BA6-84E8-7EB958523BC5}
		{22B256B2-8CFD-45D0-AE88-43A289A21917} = {7A4E759D-F8B8-4BA6-84E8-7EB958523BC5}
		{169F2631-D01F-4DE1-9ED2-20F745DC0719} = {7A4E759D-F8B8-4BA6-84E8-7EB958523BC5}
		{2AFBFA82-B46C-471E-A743-F9E599C226FC} = {7A4E759D-F8B8-4BA6-84E8-7EB958523BC5}
		{9345D30E-FBEB-469F-972C-DB9DF161AB11} = {7A4E759D-F8B8-4BA6-84E8-7EB958523BC5}
		{1AD547E7-8692-4397-977B-E9F33AD051CF} = {8F4570BF-561B-4435-9FC1-4EEA41A96E64}
		{B9ADF77B-919F-4F62-ACCF-62465AFA8F04} = {8F4570BF-561B-4435-9FC1-4EEA41A96E64}
		{16E480C5-EF6C-4877-A0DF-2605A78A1A94} = {8F4570BF-561B-4435-9FC1-4EEA41A96E64}
		{B0FB7956-5F2C-4FD0-A450-292F7A0BCCF2} = {8F4570BF-561B-4435-9FC1-4EEA41A96E64}
		{8FEA9722-422B-4701-AA4E-0E0031C4D07E} = {8F4570BF-561B-4435-9FC1-4EEA41A96E64}
		{6A2CD056-F5F2-4552-8A62-3CA810BCCF96} = {8F4570BF-561B-4435-9FC1-4EEA41A96E64}
		{DDA39C53-B1A4-4F7E-B397-EE2849CEC35F} = {8F4570BF-561B-4435-9FC1-4EEA41A96E64}
		{AD48DB07-375D-4083-8FFD-2D55322428FF} = {8F4570BF-561B-4435-9FC1-4EEA41A96E64}
		{21A6A1CC-BECC-4F3D-AAB2-7B279E216219} = {8F4570BF-561B-4435-9FC1-4EEA41A96E64}
		{A83F320F-F660-4FE9-8AF9-B1646B6CBC96} = {8F4570BF-561B-4435-9FC1-4EEA41A96E64}
		{EE6DB432-3DAF-4A20-AD33-D0DE25B81734} = {8F4570BF-561B-4435-9FC1-4EEA41A96E64}
		{E6711C7F-5337-412A-AA13-9CF5B0881D34} = {8F4570BF-561B-4435-9FC1-4EEA41A96E64}
		{E9E82564-83EC-46AE-B3CD-D0AF6DED764A} = {8F4570BF-561B-4435-9FC1-4EEA41A96E64}
		{8E1B3D79-1B6C-4F13-A63A-BC95E95E0F54} = {8F4570BF-561B-4435-9FC1-4EEA41A96E64}
		{A0801696-42F7-4412-86A8-EFA879E7DDAF} = {8F4570BF-561B-4435-9FC1-4EEA41A96E64}
		{CEBF087A-F34B-45A6-9AE6-B6009A9C8B6B} = {8F4570BF-561B-4435-9FC1-4EEA41A96E64}
		{3EE926A1-9DE6-481C-9CE1-94046C5625D0} = {8F4570BF-561B-4435-9FC1-4EEA41A96E64}
		{E3A69D7A-EBAC-4901-8024-B142E5D9FE1F} = {8F4570BF-561B-4435-9FC1-4EEA41A96E64}
		{BD0FEB85-C456-4BD0-9811-D262CB05EF0B} = {8F4570BF-561B-4435-9FC1-4EEA41A96E64}
		{1B08BDB6-EA65-4C4A-B0D9-C23E16809384} = {8F4570BF-561B-4435-9FC1-4EEA41A96E64}
		{CF68A152-A7EF-49C9-9A65-3709F2E09F72} = {8F4570BF-561B-4435-9FC1-4EEA41A96E64}
		{26F35F83-1D6D-4ACF-AE8D-66450DDCEABF} = {6D571F9F-01C5-40EE-9CC1-47E3684E58DB}
	EndGlobalSection
	GlobalSection(ExtensibilityGlobals) = postSolution
		SolutionGuid = {0A5D4B79-FC9B-456C-9AC9-15C599F6E534}
	EndGlobalSection
EndGlobal
